
Microsoft Visual Studio Solution File, Format Version 11.00
# Visual Studio 2010
Project("{FAE04EC0-301F-11D3-BF4B-00C04F79EFBC}") = "BinaryAcademy.CalculatorEngine.Tests", "BinaryAcademy.CalculatorEngine.Tests\BinaryAcademy.CalculatorEngine.Tests.csproj", "{C0BBD25D-C180-4E39-9AEE-9BCB921AAD5B}"
EndProject
Project("{FAE04EC0-301F-11D3-BF4B-00C04F79EFBC}") = "BinaryAcademy.CalculatorEngine", "BinaryAcademy.CalculatorEngine\BinaryAcademy.CalculatorEngine.csproj", "{460897C8-6F3F-4BCE-B374-3F6617E4C98C}"
EndProject
Global
	GlobalSection(SolutionConfigurationPlatforms) = preSolution
		Debug|Any CPU = Debug|Any CPU
		Release|Any CPU = Release|Any CPU
	EndGlobalSection
	GlobalSection(ProjectConfigurationPlatforms) = postSolution
		{C0BBD25D-C180-4E39-9AEE-9BCB921AAD5B}.Debug|Any CPU.ActiveCfg = Debug|Any CPU
		{C0BBD25D-C180-4E39-9AEE-9BCB921AAD5B}.Debug|Any CPU.Build.0 = Debug|Any CPU
		{C0BBD25D-C180-4E39-9AEE-9BCB921AAD5B}.Release|Any CPU.ActiveCfg = Release|Any CPU
		{C0BBD25D-C180-4E39-9AEE-9BCB921AAD5B}.Release|Any CPU.Build.0 = Release|Any CPU
		{460897C8-6F3F-4BCE-B374-3F6617E4C98C}.Debug|Any CPU.ActiveCfg = Debug|Any CPU
		{460897C8-6F3F-4BCE-B374-3F6617E4C98C}.Debug|Any CPU.Build.0 = Debug|Any CPU
		{460897C8-6F3F-4BCE-B374-3F6617E4C98C}.Release|Any CPU.ActiveCfg = Release|Any CPU
		{460897C8-6F3F-4BCE-B374-3F6617E4C98C}.Release|Any CPU.Build.0 = Release|Any CPU
	EndGlobalSection
	GlobalSection(SolutionProperties) = preSolution
		HideSolutionNode = FALSE
	EndGlobalSection
EndGlobal
